
Microsoft Visual Studio Solution File, Format Version 12.00
# Visual Studio Version 17
VisualStudioVersion = 17.5.002.0
MinimumVisualStudioVersion = 10.0.40219.1
Project("{9A19103F-16F7-4668-BE54-9A1E7A4F7556}") = "refreashOnCsharp", "refreashOnCsharp.csproj", "{76AADD29-5282-4712-B266-260800AFA88F}"
EndProject
Global
	GlobalSection(SolutionConfigurationPlatforms) = preSolution
		Debug|Any CPU = Debug|Any CPU
		Release|Any CPU = Release|Any CPU
	EndGlobalSection
	GlobalSection(ProjectConfigurationPlatforms) = postSolution
		{76AADD29-5282-4712-B266-260800AFA88F}.Debug|Any CPU.ActiveCfg = Debug|Any CPU
		{76AADD29-5282-4712-B266-260800AFA88F}.Debug|Any CPU.Build.0 = Debug|Any CPU
		{76AADD29-5282-4712-B266-260800AFA88F}.Release|Any CPU.ActiveCfg = Release|Any CPU
		{76AADD29-5282-4712-B266-260800AFA88F}.Release|Any CPU.Build.0 = Release|Any CPU
	EndGlobalSection
	GlobalSection(SolutionProperties) = preSolution
		HideSolutionNode = FALSE
	EndGlobalSection
	GlobalSection(ExtensibilityGlobals) = postSolution
		SolutionGuid = {9769AF9E-5734-4158-AC1C-AED50A08A2FB}
	EndGlobalSection
EndGlobal
